{
  "version": "5",
  "specifiers": {
    "npm:fflate@0.8.2": "0.8.2",
    "npm:unpdf@1.8.1": "1.8.1",
    "npm:youtube-transcript@1.3.1": "1.3.1"
  },
  "npm": {
    "fflate@0.8.2": {
      "integrity": "sha512-cPJU47OaAoCbg0pBvzsgpTPhmhqI5eJjh/JIu8tPj5q+T7iLvW/JAYUqmE7KOB4R1ZyEhzBaIQpQpardBF5z8A=="
    },
    "unpdf@1.8.1": {
      "integrity": "sha512-xkURhy2SoGpOIH0a1gLHNkASPIQYonadDJs2AQwPEfUakafeD9EA1WTWWsaR++gfTCXJpV27W7tU1nXuk82UKQ=="
    },
    "youtube-transcript@1.3.1": {
      "integrity": "sha512-NDCjwad113TGybbYF51y9Z4tcwzBHUZWQdF9veULNca18L+FdDbHHtTHIr69WVa3bB90l67S8kN0HtL2JO9fhg=="
    }
  }
}
